
Microsoft Visual Studio Solution File, Format Version 12.00
# Visual Studio 2013
VisualStudioVersion = 12.0.21005.1
MinimumVisualStudioVersion = 10.0.40219.1
Project("{FAE04EC0-301F-11D3-BF4B-00C04F79EFBC}") = "Avalon.Utility", "Avalon.Utility\Avalon.Utility.csproj", "{78FC7BA4-BCF2-4E90-A185-DEC2FD16B2A7}"
EndProject
Project("{FAE04EC0-301F-11D3-BF4B-00C04F79EFBC}") = "Avalon.Framework", "Avalon.Framework\Avalon.Framework.csproj", "{2D80CD45-97FE-41AA-B95E-250490E76DAE}"
EndProject
Project("{FAE04EC0-301F-11D3-BF4B-00C04F79EFBC}") = "Avalon.OAuth", "Avalon.OAuth\Avalon.OAuth.csproj", "{146DBD8B-0114-43C8-856C-55C59A29E34A}"
EndProject
Project("{FAE04EC0-301F-11D3-BF4B-00C04F79EFBC}") = "Avalon.Access", "Avalon.Access\Avalon.Access.csproj", "{3BBD32C7-641A-418B-A47F-68884B8FF6A0}"
EndProject
Project("{FAE04EC0-301F-11D3-BF4B-00C04F79EFBC}") = "Avalon.Repository", "Avalon.Repository\Avalon.Repository.csproj", "{5E917D8E-F096-4E78-A836-830557586CD7}"
EndProject
Project("{FAE04EC0-301F-11D3-BF4B-00C04F79EFBC}") = "Avalon.Cache", "Avalon.Cache\Avalon.Cache.csproj", "{5C1BD726-CA74-4201-AEDB-B1350AB9972C}"
EndProject
Project("{FAE04EC0-301F-11D3-BF4B-00C04F79EFBC}") = "Avalon.Profiler", "Avalon.Profiler\Avalon.Profiler.csproj", "{615883DD-8819-41AD-A4EF-42757BEEDDD2}"
EndProject
Project("{FAE04EC0-301F-11D3-BF4B-00C04F79EFBC}") = "Avalon.HttpClient", "Avalon.HttpClient\Avalon.HttpClient.csproj", "{D58262F4-C36D-4F22-86C0-FD7460980C27}"
EndProject
Project("{FAE04EC0-301F-11D3-BF4B-00C04F79EFBC}") = "Avalon.Purview", "Avalon.Purview\Avalon.Purview.csproj", "{9AAE3590-23AE-468B-920E-0FD2AE41D4DC}"
EndProject
Project("{FAE04EC0-301F-11D3-BF4B-00C04F79EFBC}") = "Avalon.WebUtility", "Avalon.WebUtility\Avalon.WebUtility.csproj", "{B5F6ACFE-D8B7-4324-B071-ADE963FEEA4B}"
EndProject
Project("{FAE04EC0-301F-11D3-BF4B-00C04F79EFBC}") = "Avalon.OAuthClient", "Avalon.OAuthClient\Avalon.OAuthClient.csproj", "{C734B26A-1439-4446-973E-6C17142D9646}"
EndProject
Project("{FAE04EC0-301F-11D3-BF4B-00C04F79EFBC}") = "Avalon.Repository.OAuth", "Avalon.Repository.OAuth\Avalon.Repository.OAuth.csproj", "{DD614591-5407-4FA1-9978-EC7348EA508F}"
EndProject
Project("{2150E333-8FDC-42A3-9474-1A3956D46DE8}") = "AUC", "AUC", "{20C7E3E4-0ED1-4C99-B7AA-D7C4310E00F0}"
EndProject
Project("{2150E333-8FDC-42A3-9474-1A3956D46DE8}") = "AFW", "AFW", "{8DE1BC07-DB77-48EA-98FC-03EF799EEB94}"
EndProject
Project("{2150E333-8FDC-42A3-9474-1A3956D46DE8}") = "AOA", "AOA", "{BE28E121-8AC5-44A2-9005-30AD24F277FC}"
EndProject
Project("{FAE04EC0-301F-11D3-BF4B-00C04F79EFBC}") = "Avalon.UserCenter", "Avalon.UserCenter\Avalon.UserCenter.csproj", "{07392AD9-FA81-4840-93CF-FA81F0A58134}"
EndProject
Project("{FAE04EC0-301F-11D3-BF4B-00C04F79EFBC}") = "Avalon.UserCenter.Models", "Avalon.UserCenter.Models\Avalon.UserCenter.Models.csproj", "{2307C827-3032-4ADE-A943-9A7FD4CC0A8F}"
EndProject
Project("{2150E333-8FDC-42A3-9474-1A3956D46DE8}") = "ACS", "ACS", "{9C0820DB-20E0-491F-ACD1-767A32DCCF6F}"
EndProject
Project("{FAE04EC0-301F-11D3-BF4B-00C04F79EFBC}") = "Avalon.CloudClient", "Avalon.CloudClient\Avalon.CloudClient.csproj", "{682AFA21-4191-48A5-B2B4-434A30D9749D}"
EndProject
Project("{2150E333-8FDC-42A3-9474-1A3956D46DE8}") = "1.业务", "1.业务", "{C1D77116-29D4-4F88-B336-417E964F05B8}"
EndProject
Project("{2150E333-8FDC-42A3-9474-1A3956D46DE8}") = "2.仓储", "2.仓储", "{A02C5FAF-B39C-4502-9D36-AD60EAB435F3}"
EndProject
Project("{2150E333-8FDC-42A3-9474-1A3956D46DE8}") = "1.业务", "1.业务", "{FF3B7FDA-AFD2-43C7-B770-DDF7D9F5C53E}"
EndProject
Project("{2150E333-8FDC-42A3-9474-1A3956D46DE8}") = "2.仓储", "2.仓储", "{806C4FB1-B473-4075-BD44-F6AA3F794AAB}"
EndProject
Project("{FAE04EC0-301F-11D3-BF4B-00C04F79EFBC}") = "Avalon.Repository.UserCenter", "Avalon.Repository.UserCenter\Avalon.Repository.UserCenter.csproj", "{5195CF13-CC58-4705-BA22-DF528C0E51DD}"
EndProject
Global
	GlobalSection(SolutionConfigurationPlatforms) = preSolution
		Debug|Any CPU = Debug|Any CPU
		Release|Any CPU = Release|Any CPU
	EndGlobalSection
	GlobalSection(ProjectConfigurationPlatforms) = postSolution
		{78FC7BA4-BCF2-4E90-A185-DEC2FD16B2A7}.Debug|Any CPU.ActiveCfg = Debug|Any CPU
		{78FC7BA4-BCF2-4E90-A185-DEC2FD16B2A7}.Debug|Any CPU.Build.0 = Debug|Any CPU
		{78FC7BA4-BCF2-4E90-A185-DEC2FD16B2A7}.Release|Any CPU.ActiveCfg = Release|Any CPU
		{78FC7BA4-BCF2-4E90-A185-DEC2FD16B2A7}.Release|Any CPU.Build.0 = Release|Any CPU
		{2D80CD45-97FE-41AA-B95E-250490E76DAE}.Debug|Any CPU.ActiveCfg = Debug|Any CPU
		{2D80CD45-97FE-41AA-B95E-250490E76DAE}.Debug|Any CPU.Build.0 = Debug|Any CPU
		{2D80CD45-97FE-41AA-B95E-250490E76DAE}.Release|Any CPU.ActiveCfg = Release|Any CPU
		{2D80CD45-97FE-41AA-B95E-250490E76DAE}.Release|Any CPU.Build.0 = Release|Any CPU
		{146DBD8B-0114-43C8-856C-55C59A29E34A}.Debug|Any CPU.ActiveCfg = Debug|Any CPU
		{146DBD8B-0114-43C8-856C-55C59A29E34A}.Debug|Any CPU.Build.0 = Debug|Any CPU
		{146DBD8B-0114-43C8-856C-55C59A29E34A}.Release|Any CPU.ActiveCfg = Release|Any CPU
		{146DBD8B-0114-43C8-856C-55C59A29E34A}.Release|Any CPU.Build.0 = Release|Any CPU
		{3BBD32C7-641A-418B-A47F-68884B8FF6A0}.Debug|Any CPU.ActiveCfg = Debug|Any CPU
		{3BBD32C7-641A-418B-A47F-68884B8FF6A0}.Debug|Any CPU.Build.0 = Debug|Any CPU
		{3BBD32C7-641A-418B-A47F-68884B8FF6A0}.Release|Any CPU.ActiveCfg = Release|Any CPU
		{3BBD32C7-641A-418B-A47F-68884B8FF6A0}.Release|Any CPU.Build.0 = Release|Any CPU
		{5E917D8E-F096-4E78-A836-830557586CD7}.Debug|Any CPU.ActiveCfg = Debug|Any CPU
		{5E917D8E-F096-4E78-A836-830557586CD7}.Debug|Any CPU.Build.0 = Debug|Any CPU
		{5E917D8E-F096-4E78-A836-830557586CD7}.Release|Any CPU.ActiveCfg = Release|Any CPU
		{5E917D8E-F096-4E78-A836-830557586CD7}.Release|Any CPU.Build.0 = Release|Any CPU
		{5C1BD726-CA74-4201-AEDB-B1350AB9972C}.Debug|Any CPU.ActiveCfg = Debug|Any CPU
		{5C1BD726-CA74-4201-AEDB-B1350AB9972C}.Debug|Any CPU.Build.0 = Debug|Any CPU
		{5C1BD726-CA74-4201-AEDB-B1350AB9972C}.Release|Any CPU.ActiveCfg = Release|Any CPU
		{5C1BD726-CA74-4201-AEDB-B1350AB9972C}.Release|Any CPU.Build.0 = Release|Any CPU
		{615883DD-8819-41AD-A4EF-42757BEEDDD2}.Debug|Any CPU.ActiveCfg = Debug|Any CPU
		{615883DD-8819-41AD-A4EF-42757BEEDDD2}.Debug|Any CPU.Build.0 = Debug|Any CPU
		{615883DD-8819-41AD-A4EF-42757BEEDDD2}.Release|Any CPU.ActiveCfg = Release|Any CPU
		{615883DD-8819-41AD-A4EF-42757BEEDDD2}.Release|Any CPU.Build.0 = Release|Any CPU
		{D58262F4-C36D-4F22-86C0-FD7460980C27}.Debug|Any CPU.ActiveCfg = Debug|Any CPU
		{D58262F4-C36D-4F22-86C0-FD7460980C27}.Debug|Any CPU.Build.0 = Debug|Any CPU
		{D58262F4-C36D-4F22-86C0-FD7460980C27}.Release|Any CPU.ActiveCfg = Release|Any CPU
		{D58262F4-C36D-4F22-86C0-FD7460980C27}.Release|Any CPU.Build.0 = Release|Any CPU
		{9AAE3590-23AE-468B-920E-0FD2AE41D4DC}.Debug|Any CPU.ActiveCfg = Debug|Any CPU
		{9AAE3590-23AE-468B-920E-0FD2AE41D4DC}.Debug|Any CPU.Build.0 = Debug|Any CPU
		{9AAE3590-23AE-468B-920E-0FD2AE41D4DC}.Release|Any CPU.ActiveCfg = Release|Any CPU
		{9AAE3590-23AE-468B-920E-0FD2AE41D4DC}.Release|Any CPU.Build.0 = Release|Any CPU
		{B5F6ACFE-D8B7-4324-B071-ADE963FEEA4B}.Debug|Any CPU.ActiveCfg = Debug|Any CPU
		{B5F6ACFE-D8B7-4324-B071-ADE963FEEA4B}.Debug|Any CPU.Build.0 = Debug|Any CPU
		{B5F6ACFE-D8B7-4324-B071-ADE963FEEA4B}.Release|Any CPU.ActiveCfg = Release|Any CPU
		{B5F6ACFE-D8B7-4324-B071-ADE963FEEA4B}.Release|Any CPU.Build.0 = Release|Any CPU
		{C734B26A-1439-4446-973E-6C17142D9646}.Debug|Any CPU.ActiveCfg = Debug|Any CPU
		{C734B26A-1439-4446-973E-6C17142D9646}.Debug|Any CPU.Build.0 = Debug|Any CPU
		{C734B26A-1439-4446-973E-6C17142D9646}.Release|Any CPU.ActiveCfg = Release|Any CPU
		{C734B26A-1439-4446-973E-6C17142D9646}.Release|Any CPU.Build.0 = Release|Any CPU
		{DD614591-5407-4FA1-9978-EC7348EA508F}.Debug|Any CPU.ActiveCfg = Debug|Any CPU
		{DD614591-5407-4FA1-9978-EC7348EA508F}.Debug|Any CPU.Build.0 = Debug|Any CPU
		{DD614591-5407-4FA1-9978-EC7348EA508F}.Release|Any CPU.ActiveCfg = Release|Any CPU
		{DD614591-5407-4FA1-9978-EC7348EA508F}.Release|Any CPU.Build.0 = Release|Any CPU
		{07392AD9-FA81-4840-93CF-FA81F0A58134}.Debug|Any CPU.ActiveCfg = Debug|Any CPU
		{07392AD9-FA81-4840-93CF-FA81F0A58134}.Debug|Any CPU.Build.0 = Debug|Any CPU
		{07392AD9-FA81-4840-93CF-FA81F0A58134}.Release|Any CPU.ActiveCfg = Release|Any CPU
		{07392AD9-FA81-4840-93CF-FA81F0A58134}.Release|Any CPU.Build.0 = Release|Any CPU
		{2307C827-3032-4ADE-A943-9A7FD4CC0A8F}.Debug|Any CPU.ActiveCfg = Debug|Any CPU
		{2307C827-3032-4ADE-A943-9A7FD4CC0A8F}.Debug|Any CPU.Build.0 = Debug|Any CPU
		{2307C827-3032-4ADE-A943-9A7FD4CC0A8F}.Release|Any CPU.ActiveCfg = Release|Any CPU
		{2307C827-3032-4ADE-A943-9A7FD4CC0A8F}.Release|Any CPU.Build.0 = Release|Any CPU
		{682AFA21-4191-48A5-B2B4-434A30D9749D}.Debug|Any CPU.ActiveCfg = Debug|Any CPU
		{682AFA21-4191-48A5-B2B4-434A30D9749D}.Debug|Any CPU.Build.0 = Debug|Any CPU
		{682AFA21-4191-48A5-B2B4-434A30D9749D}.Release|Any CPU.ActiveCfg = Release|Any CPU
		{682AFA21-4191-48A5-B2B4-434A30D9749D}.Release|Any CPU.Build.0 = Release|Any CPU
		{5195CF13-CC58-4705-BA22-DF528C0E51DD}.Debug|Any CPU.ActiveCfg = Debug|Any CPU
		{5195CF13-CC58-4705-BA22-DF528C0E51DD}.Debug|Any CPU.Build.0 = Debug|Any CPU
		{5195CF13-CC58-4705-BA22-DF528C0E51DD}.Release|Any CPU.ActiveCfg = Release|Any CPU
		{5195CF13-CC58-4705-BA22-DF528C0E51DD}.Release|Any CPU.Build.0 = Release|Any CPU
	EndGlobalSection
	GlobalSection(SolutionProperties) = preSolution
		HideSolutionNode = FALSE
	EndGlobalSection
	GlobalSection(NestedProjects) = preSolution
		{2D80CD45-97FE-41AA-B95E-250490E76DAE} = {8DE1BC07-DB77-48EA-98FC-03EF799EEB94}
		{3BBD32C7-641A-418B-A47F-68884B8FF6A0} = {8DE1BC07-DB77-48EA-98FC-03EF799EEB94}
		{5E917D8E-F096-4E78-A836-830557586CD7} = {8DE1BC07-DB77-48EA-98FC-03EF799EEB94}
		{5C1BD726-CA74-4201-AEDB-B1350AB9972C} = {8DE1BC07-DB77-48EA-98FC-03EF799EEB94}
		{615883DD-8819-41AD-A4EF-42757BEEDDD2} = {8DE1BC07-DB77-48EA-98FC-03EF799EEB94}
		{D58262F4-C36D-4F22-86C0-FD7460980C27} = {8DE1BC07-DB77-48EA-98FC-03EF799EEB94}
		{9AAE3590-23AE-468B-920E-0FD2AE41D4DC} = {8DE1BC07-DB77-48EA-98FC-03EF799EEB94}
		{B5F6ACFE-D8B7-4324-B071-ADE963FEEA4B} = {8DE1BC07-DB77-48EA-98FC-03EF799EEB94}
		{78FC7BA4-BCF2-4E90-A185-DEC2FD16B2A7} = {8DE1BC07-DB77-48EA-98FC-03EF799EEB94}
		{FF3B7FDA-AFD2-43C7-B770-DDF7D9F5C53E} = {BE28E121-8AC5-44A2-9005-30AD24F277FC}
		{806C4FB1-B473-4075-BD44-F6AA3F794AAB} = {BE28E121-8AC5-44A2-9005-30AD24F277FC}
		{C734B26A-1439-4446-973E-6C17142D9646} = {9C0820DB-20E0-491F-ACD1-767A32DCCF6F}
		{682AFA21-4191-48A5-B2B4-434A30D9749D} = {9C0820DB-20E0-491F-ACD1-767A32DCCF6F}
		{C1D77116-29D4-4F88-B336-417E964F05B8} = {20C7E3E4-0ED1-4C99-B7AA-D7C4310E00F0}
		{A02C5FAF-B39C-4502-9D36-AD60EAB435F3} = {20C7E3E4-0ED1-4C99-B7AA-D7C4310E00F0}
		{07392AD9-FA81-4840-93CF-FA81F0A58134} = {C1D77116-29D4-4F88-B336-417E964F05B8}
		{2307C827-3032-4ADE-A943-9A7FD4CC0A8F} = {C1D77116-29D4-4F88-B336-417E964F05B8}
		{5195CF13-CC58-4705-BA22-DF528C0E51DD} = {A02C5FAF-B39C-4502-9D36-AD60EAB435F3}
		{146DBD8B-0114-43C8-856C-55C59A29E34A} = {FF3B7FDA-AFD2-43C7-B770-DDF7D9F5C53E}
		{DD614591-5407-4FA1-9978-EC7348EA508F} = {806C4FB1-B473-4075-BD44-F6AA3F794AAB}
	EndGlobalSection
EndGlobal
